
Microsoft Visual Studio Solution File, Format Version 12.00
# Visual Studio Version 17
VisualStudioVersion = 17.0.32014.148
MinimumVisualStudioVersion = 10.0.40219.1
Project("{FAE04EC0-301F-11D3-BF4B-00C04F79EFBC}") = "CabInvoiceGenerator", "CabInvoiceGenerator\CabInvoiceGenerator.csproj", "{D2765005-914E-48DE-A99B-0A9FEAB6910F}"
EndProject
Project("{FAE04EC0-301F-11D3-BF4B-00C04F79EFBC}") = "CabInvoiceGeneratorTestProject", "..\CabInvoiceGeneratorTestProject\CabInvoiceGeneratorTestProject.csproj", "{6A13257E-58E8-4765-806A-F44741A29F83}"
EndProject
Global
	GlobalSection(SolutionConfigurationPlatforms) = preSolution
		Debug|Any CPU = Debug|Any CPU
		Release|Any CPU = Release|Any CPU
	EndGlobalSection
	GlobalSection(ProjectConfigurationPlatforms) = postSolution
		{D2765005-914E-48DE-A99B-0A9FEAB6910F}.Debug|Any CPU.ActiveCfg = Debug|Any CPU
		{D2765005-914E-48DE-A99B-0A9FEAB6910F}.Debug|Any CPU.Build.0 = Debug|Any CPU
		{D2765005-914E-48DE-A99B-0A9FEAB6910F}.Release|Any CPU.ActiveCfg = Release|Any CPU
		{D2765005-914E-48DE-A99B-0A9FEAB6910F}.Release|Any CPU.Build.0 = Release|Any CPU
		{6A13257E-58E8-4765-806A-F44741A29F83}.Debug|Any CPU.ActiveCfg = Debug|Any CPU
		{6A13257E-58E8-4765-806A-F44741A29F83}.Debug|Any CPU.Build.0 = Debug|Any CPU
		{6A13257E-58E8-4765-806A-F44741A29F83}.Release|Any CPU.ActiveCfg = Release|Any CPU
		{6A13257E-58E8-4765-806A-F44741A29F83}.Release|Any CPU.Build.0 = Release|Any CPU
	EndGlobalSection
	GlobalSection(SolutionProperties) = preSolution
		HideSolutionNode = FALSE
	EndGlobalSection
	GlobalSection(ExtensibilityGlobals) = postSolution
		SolutionGuid = {1B5DDDBE-0249-4CDA-8185-A5BA9BEEFFD1}
	EndGlobalSection
EndGlobal
